
Microsoft Visual Studio Solution File, Format Version 12.00
# Visual Studio 15
VisualStudioVersion = 15.0.26730.16
MinimumVisualStudioVersion = 10.0.40219.1
Project("{FAE04EC0-301F-11D3-BF4B-00C04F79EFBC}") = "TruckTour", "TruckTour\TruckTour.csproj", "{86629724-AAB1-4BE5-9827-4DFE9A52232C}"
EndProject
Global
	GlobalSection(SolutionConfigurationPlatforms) = preSolution
		Debug|Any CPU = Debug|Any CPU
		Release|Any CPU = Release|Any CPU
	EndGlobalSection
	GlobalSection(ProjectConfigurationPlatforms) = postSolution
		{86629724-AAB1-4BE5-9827-4DFE9A52232C}.Debug|Any CPU.ActiveCfg = Debug|Any CPU
		{86629724-AAB1-4BE5-9827-4DFE9A52232C}.Debug|Any CPU.Build.0 = Debug|Any CPU
		{86629724-AAB1-4BE5-9827-4DFE9A52232C}.Release|Any CPU.ActiveCfg = Release|Any CPU
		{86629724-AAB1-4BE5-9827-4DFE9A52232C}.Release|Any CPU.Build.0 = Release|Any CPU
	EndGlobalSection
	GlobalSection(SolutionProperties) = preSolution
		HideSolutionNode = FALSE
	EndGlobalSection
	GlobalSection(ExtensibilityGlobals) = postSolution
		SolutionGuid = {E8E12A34-7444-45E2-AD03-E88311C1E99A}
	EndGlobalSection
EndGlobal
