
Microsoft Visual Studio Solution File, Format Version 12.00
# Visual Studio 15
VisualStudioVersion = 15.0.27428.2015
MinimumVisualStudioVersion = 10.0.40219.1
Project("{FAE04EC0-301F-11D3-BF4B-00C04F79EFBC}") = "Iterator", "Iterator\Iterator.csproj", "{A988D469-CCB0-4446-89D4-DD253EC6C92B}"
EndProject
Project("{FAE04EC0-301F-11D3-BF4B-00C04F79EFBC}") = "IteratorTests", "IteratorTests\IteratorTests.csproj", "{60A0A445-AF65-485F-8780-42073BAA6FA1}"
EndProject
Global
	GlobalSection(SolutionConfigurationPlatforms) = preSolution
		Debug|Any CPU = Debug|Any CPU
		Release|Any CPU = Release|Any CPU
	EndGlobalSection
	GlobalSection(ProjectConfigurationPlatforms) = postSolution
		{A988D469-CCB0-4446-89D4-DD253EC6C92B}.Debug|Any CPU.ActiveCfg = Debug|Any CPU
		{A988D469-CCB0-4446-89D4-DD253EC6C92B}.Debug|Any CPU.Build.0 = Debug|Any CPU
		{A988D469-CCB0-4446-89D4-DD253EC6C92B}.Release|Any CPU.ActiveCfg = Release|Any CPU
		{A988D469-CCB0-4446-89D4-DD253EC6C92B}.Release|Any CPU.Build.0 = Release|Any CPU
		{60A0A445-AF65-485F-8780-42073BAA6FA1}.Debug|Any CPU.ActiveCfg = Debug|Any CPU
		{60A0A445-AF65-485F-8780-42073BAA6FA1}.Debug|Any CPU.Build.0 = Debug|Any CPU
		{60A0A445-AF65-485F-8780-42073BAA6FA1}.Release|Any CPU.ActiveCfg = Release|Any CPU
		{60A0A445-AF65-485F-8780-42073BAA6FA1}.Release|Any CPU.Build.0 = Release|Any CPU
	EndGlobalSection
	GlobalSection(SolutionProperties) = preSolution
		HideSolutionNode = FALSE
	EndGlobalSection
	GlobalSection(ExtensibilityGlobals) = postSolution
		SolutionGuid = {B8F6E99E-F864-4926-98BF-7C574EC10B8D}
	EndGlobalSection
EndGlobal
