
Microsoft Visual Studio Solution File, Format Version 12.00
# Visual Studio 15
VisualStudioVersion = 15.0.27428.2015
MinimumVisualStudioVersion = 10.0.40219.1
Project("{FAE04EC0-301F-11D3-BF4B-00C04F79EFBC}") = "BlackBoxInteger", "BlackBoxInteger\BlackBoxInteger.csproj", "{0AA4BDBD-E8BA-44E3-986F-C29B21CFB780}"
EndProject
Global
	GlobalSection(SolutionConfigurationPlatforms) = preSolution
		Debug|Any CPU = Debug|Any CPU
		Release|Any CPU = Release|Any CPU
	EndGlobalSection
	GlobalSection(ProjectConfigurationPlatforms) = postSolution
		{0AA4BDBD-E8BA-44E3-986F-C29B21CFB780}.Debug|Any CPU.ActiveCfg = Debug|Any CPU
		{0AA4BDBD-E8BA-44E3-986F-C29B21CFB780}.Debug|Any CPU.Build.0 = Debug|Any CPU
		{0AA4BDBD-E8BA-44E3-986F-C29B21CFB780}.Release|Any CPU.ActiveCfg = Release|Any CPU
		{0AA4BDBD-E8BA-44E3-986F-C29B21CFB780}.Release|Any CPU.Build.0 = Release|Any CPU
	EndGlobalSection
	GlobalSection(SolutionProperties) = preSolution
		HideSolutionNode = FALSE
	EndGlobalSection
	GlobalSection(ExtensibilityGlobals) = postSolution
		SolutionGuid = {2E90B62C-9016-4D8A-9AF0-F897767AA920}
	EndGlobalSection
EndGlobal
