
Microsoft Visual Studio Solution File, Format Version 12.00
# Visual Studio 15
VisualStudioVersion = 15.0.27130.2026
MinimumVisualStudioVersion = 10.0.40219.1
Project("{FAE04EC0-301F-11D3-BF4B-00C04F79EFBC}") = "JediGalaxyRefactored", "JediGalaxyRefactored\JediGalaxyRefactored.csproj", "{3D686B9F-4AD2-448A-A2AD-0B51AFD19087}"
EndProject
Global
	GlobalSection(SolutionConfigurationPlatforms) = preSolution
		Debug|Any CPU = Debug|Any CPU
		Release|Any CPU = Release|Any CPU
	EndGlobalSection
	GlobalSection(ProjectConfigurationPlatforms) = postSolution
		{3D686B9F-4AD2-448A-A2AD-0B51AFD19087}.Debug|Any CPU.ActiveCfg = Debug|Any CPU
		{3D686B9F-4AD2-448A-A2AD-0B51AFD19087}.Debug|Any CPU.Build.0 = Debug|Any CPU
		{3D686B9F-4AD2-448A-A2AD-0B51AFD19087}.Release|Any CPU.ActiveCfg = Release|Any CPU
		{3D686B9F-4AD2-448A-A2AD-0B51AFD19087}.Release|Any CPU.Build.0 = Release|Any CPU
	EndGlobalSection
	GlobalSection(SolutionProperties) = preSolution
		HideSolutionNode = FALSE
	EndGlobalSection
	GlobalSection(ExtensibilityGlobals) = postSolution
		SolutionGuid = {CCD49116-5A2A-4E6C-8D8A-B0CA4D309FC2}
	EndGlobalSection
EndGlobal
