
Microsoft Visual Studio Solution File, Format Version 12.00
# Visual Studio 15
VisualStudioVersion = 15.0.27428.2015
MinimumVisualStudioVersion = 10.0.40219.1
Project("{FAE04EC0-301F-11D3-BF4B-00C04F79EFBC}") = "StrategyPattern", "StrategyPattern\StrategyPattern.csproj", "{16442276-0633-4312-AC41-A6391BAE45CA}"
EndProject
Global
	GlobalSection(SolutionConfigurationPlatforms) = preSolution
		Debug|Any CPU = Debug|Any CPU
		Release|Any CPU = Release|Any CPU
	EndGlobalSection
	GlobalSection(ProjectConfigurationPlatforms) = postSolution
		{16442276-0633-4312-AC41-A6391BAE45CA}.Debug|Any CPU.ActiveCfg = Debug|Any CPU
		{16442276-0633-4312-AC41-A6391BAE45CA}.Debug|Any CPU.Build.0 = Debug|Any CPU
		{16442276-0633-4312-AC41-A6391BAE45CA}.Release|Any CPU.ActiveCfg = Release|Any CPU
		{16442276-0633-4312-AC41-A6391BAE45CA}.Release|Any CPU.Build.0 = Release|Any CPU
	EndGlobalSection
	GlobalSection(SolutionProperties) = preSolution
		HideSolutionNode = FALSE
	EndGlobalSection
	GlobalSection(ExtensibilityGlobals) = postSolution
		SolutionGuid = {819D7F1A-D349-4ADF-B404-A4991D6D7656}
	EndGlobalSection
EndGlobal
