
Microsoft Visual Studio Solution File, Format Version 12.00
# Visual Studio 15
VisualStudioVersion = 15.0.27130.2026
MinimumVisualStudioVersion = 10.0.40219.1
Project("{FAE04EC0-301F-11D3-BF4B-00C04F79EFBC}") = "ShoppingSpree", "ShoppingSpree\ShoppingSpree.csproj", "{E870BD1D-0145-4D81-8A8B-12DF35EB673A}"
EndProject
Global
	GlobalSection(SolutionConfigurationPlatforms) = preSolution
		Debug|Any CPU = Debug|Any CPU
		Release|Any CPU = Release|Any CPU
	EndGlobalSection
	GlobalSection(ProjectConfigurationPlatforms) = postSolution
		{E870BD1D-0145-4D81-8A8B-12DF35EB673A}.Debug|Any CPU.ActiveCfg = Debug|Any CPU
		{E870BD1D-0145-4D81-8A8B-12DF35EB673A}.Debug|Any CPU.Build.0 = Debug|Any CPU
		{E870BD1D-0145-4D81-8A8B-12DF35EB673A}.Release|Any CPU.ActiveCfg = Release|Any CPU
		{E870BD1D-0145-4D81-8A8B-12DF35EB673A}.Release|Any CPU.Build.0 = Release|Any CPU
	EndGlobalSection
	GlobalSection(SolutionProperties) = preSolution
		HideSolutionNode = FALSE
	EndGlobalSection
	GlobalSection(ExtensibilityGlobals) = postSolution
		SolutionGuid = {2CA6DDE4-06CC-4107-85DF-93524B883539}
	EndGlobalSection
EndGlobal
