
Microsoft Visual Studio Solution File, Format Version 12.00
# Visual Studio 15
VisualStudioVersion = 15.0.27428.2015
MinimumVisualStudioVersion = 10.0.40219.1
Project("{FAE04EC0-301F-11D3-BF4B-00C04F79EFBC}") = "CustomList", "CustomList\CustomList.csproj", "{20BE7D74-5F58-4B8D-9640-821BBCCFAF1A}"
EndProject
Global
	GlobalSection(SolutionConfigurationPlatforms) = preSolution
		Debug|Any CPU = Debug|Any CPU
		Release|Any CPU = Release|Any CPU
	EndGlobalSection
	GlobalSection(ProjectConfigurationPlatforms) = postSolution
		{20BE7D74-5F58-4B8D-9640-821BBCCFAF1A}.Debug|Any CPU.ActiveCfg = Debug|Any CPU
		{20BE7D74-5F58-4B8D-9640-821BBCCFAF1A}.Debug|Any CPU.Build.0 = Debug|Any CPU
		{20BE7D74-5F58-4B8D-9640-821BBCCFAF1A}.Release|Any CPU.ActiveCfg = Release|Any CPU
		{20BE7D74-5F58-4B8D-9640-821BBCCFAF1A}.Release|Any CPU.Build.0 = Release|Any CPU
	EndGlobalSection
	GlobalSection(SolutionProperties) = preSolution
		HideSolutionNode = FALSE
	EndGlobalSection
	GlobalSection(ExtensibilityGlobals) = postSolution
		SolutionGuid = {4C2E0BDE-D8B0-494B-8A71-B205277433A3}
	EndGlobalSection
EndGlobal
