
Microsoft Visual Studio Solution File, Format Version 12.00
# Visual Studio 15
VisualStudioVersion = 15.0.26730.16
MinimumVisualStudioVersion = 10.0.40219.1
Project("{FAE04EC0-301F-11D3-BF4B-00C04F79EFBC}") = "BasicQueueOperations", "BasicQueueOperations\BasicQueueOperations.csproj", "{D91D202B-84C3-4A0F-AE25-9A712A2F8C7B}"
EndProject
Global
	GlobalSection(SolutionConfigurationPlatforms) = preSolution
		Debug|Any CPU = Debug|Any CPU
		Release|Any CPU = Release|Any CPU
	EndGlobalSection
	GlobalSection(ProjectConfigurationPlatforms) = postSolution
		{D91D202B-84C3-4A0F-AE25-9A712A2F8C7B}.Debug|Any CPU.ActiveCfg = Debug|Any CPU
		{D91D202B-84C3-4A0F-AE25-9A712A2F8C7B}.Debug|Any CPU.Build.0 = Debug|Any CPU
		{D91D202B-84C3-4A0F-AE25-9A712A2F8C7B}.Release|Any CPU.ActiveCfg = Release|Any CPU
		{D91D202B-84C3-4A0F-AE25-9A712A2F8C7B}.Release|Any CPU.Build.0 = Release|Any CPU
	EndGlobalSection
	GlobalSection(SolutionProperties) = preSolution
		HideSolutionNode = FALSE
	EndGlobalSection
	GlobalSection(ExtensibilityGlobals) = postSolution
		SolutionGuid = {E9E7FE8E-CE2F-4854-99CB-374845307961}
	EndGlobalSection
EndGlobal
