
Microsoft Visual Studio Solution File, Format Version 12.00
# Visual Studio 15
VisualStudioVersion = 15.0.27130.2026
MinimumVisualStudioVersion = 10.0.40219.1
Project("{FAE04EC0-301F-11D3-BF4B-00C04F79EFBC}") = "NumberWars", "NumberWars\NumberWars.csproj", "{9B69F6D3-5C7E-4135-BA61-B9CE418FE923}"
EndProject
Global
	GlobalSection(SolutionConfigurationPlatforms) = preSolution
		Debug|Any CPU = Debug|Any CPU
		Release|Any CPU = Release|Any CPU
	EndGlobalSection
	GlobalSection(ProjectConfigurationPlatforms) = postSolution
		{9B69F6D3-5C7E-4135-BA61-B9CE418FE923}.Debug|Any CPU.ActiveCfg = Debug|Any CPU
		{9B69F6D3-5C7E-4135-BA61-B9CE418FE923}.Debug|Any CPU.Build.0 = Debug|Any CPU
		{9B69F6D3-5C7E-4135-BA61-B9CE418FE923}.Release|Any CPU.ActiveCfg = Release|Any CPU
		{9B69F6D3-5C7E-4135-BA61-B9CE418FE923}.Release|Any CPU.Build.0 = Release|Any CPU
	EndGlobalSection
	GlobalSection(SolutionProperties) = preSolution
		HideSolutionNode = FALSE
	EndGlobalSection
	GlobalSection(ExtensibilityGlobals) = postSolution
		SolutionGuid = {BD94E4AD-3D3B-4A25-96BC-13791AA37DB6}
	EndGlobalSection
EndGlobal
