
Microsoft Visual Studio Solution File, Format Version 12.00
# Visual Studio 15
VisualStudioVersion = 15.0.27428.2015
MinimumVisualStudioVersion = 10.0.40219.1
Project("{FAE04EC0-301F-11D3-BF4B-00C04F79EFBC}") = "CreateCustomClassAttribute", "CreateCustomClassAttribute\CreateCustomClassAttribute.csproj", "{18224E18-7894-4CFD-AFFD-E82AA7584185}"
EndProject
Global
	GlobalSection(SolutionConfigurationPlatforms) = preSolution
		Debug|Any CPU = Debug|Any CPU
		Release|Any CPU = Release|Any CPU
	EndGlobalSection
	GlobalSection(ProjectConfigurationPlatforms) = postSolution
		{18224E18-7894-4CFD-AFFD-E82AA7584185}.Debug|Any CPU.ActiveCfg = Debug|Any CPU
		{18224E18-7894-4CFD-AFFD-E82AA7584185}.Debug|Any CPU.Build.0 = Debug|Any CPU
		{18224E18-7894-4CFD-AFFD-E82AA7584185}.Release|Any CPU.ActiveCfg = Release|Any CPU
		{18224E18-7894-4CFD-AFFD-E82AA7584185}.Release|Any CPU.Build.0 = Release|Any CPU
	EndGlobalSection
	GlobalSection(SolutionProperties) = preSolution
		HideSolutionNode = FALSE
	EndGlobalSection
	GlobalSection(ExtensibilityGlobals) = postSolution
		SolutionGuid = {2B60C90F-E0BC-4F3C-A678-7D7A45A5249C}
	EndGlobalSection
EndGlobal
