
Microsoft Visual Studio Solution File, Format Version 12.00
# Visual Studio 15
VisualStudioVersion = 15.0.27428.2015
MinimumVisualStudioVersion = 10.0.40219.1
Project("{FAE04EC0-301F-11D3-BF4B-00C04F79EFBC}") = "Database", "Database\Database.csproj", "{A0FA2C4A-2EDA-4E61-AEF6-48835BE738F7}"
EndProject
Project("{FAE04EC0-301F-11D3-BF4B-00C04F79EFBC}") = "DatabaseTests", "DatabaseTests\DatabaseTests.csproj", "{09723451-B246-4A8B-A3D5-2C0350E73403}"
EndProject
Global
	GlobalSection(SolutionConfigurationPlatforms) = preSolution
		Debug|Any CPU = Debug|Any CPU
		Release|Any CPU = Release|Any CPU
	EndGlobalSection
	GlobalSection(ProjectConfigurationPlatforms) = postSolution
		{A0FA2C4A-2EDA-4E61-AEF6-48835BE738F7}.Debug|Any CPU.ActiveCfg = Debug|Any CPU
		{A0FA2C4A-2EDA-4E61-AEF6-48835BE738F7}.Debug|Any CPU.Build.0 = Debug|Any CPU
		{A0FA2C4A-2EDA-4E61-AEF6-48835BE738F7}.Release|Any CPU.ActiveCfg = Release|Any CPU
		{A0FA2C4A-2EDA-4E61-AEF6-48835BE738F7}.Release|Any CPU.Build.0 = Release|Any CPU
		{09723451-B246-4A8B-A3D5-2C0350E73403}.Debug|Any CPU.ActiveCfg = Debug|Any CPU
		{09723451-B246-4A8B-A3D5-2C0350E73403}.Debug|Any CPU.Build.0 = Debug|Any CPU
		{09723451-B246-4A8B-A3D5-2C0350E73403}.Release|Any CPU.ActiveCfg = Release|Any CPU
		{09723451-B246-4A8B-A3D5-2C0350E73403}.Release|Any CPU.Build.0 = Release|Any CPU
	EndGlobalSection
	GlobalSection(SolutionProperties) = preSolution
		HideSolutionNode = FALSE
	EndGlobalSection
	GlobalSection(ExtensibilityGlobals) = postSolution
		SolutionGuid = {153D7407-216B-4CC5-8EDD-FE2BA57A0FC8}
	EndGlobalSection
EndGlobal
