
Microsoft Visual Studio Solution File, Format Version 12.00
# Visual Studio 15
VisualStudioVersion = 15.0.27428.2015
MinimumVisualStudioVersion = 10.0.40219.1
Project("{FAE04EC0-301F-11D3-BF4B-00C04F79EFBC}") = "Integration", "Integration\Integration.csproj", "{313A3D37-5358-4378-999A-9EB81F1D45E4}"
EndProject
Project("{FAE04EC0-301F-11D3-BF4B-00C04F79EFBC}") = "IntegrationTests", "IntegrationTests\IntegrationTests.csproj", "{08AA1010-6614-4E2C-8471-3BAD5C22DFC8}"
EndProject
Global
	GlobalSection(SolutionConfigurationPlatforms) = preSolution
		Debug|Any CPU = Debug|Any CPU
		Release|Any CPU = Release|Any CPU
	EndGlobalSection
	GlobalSection(ProjectConfigurationPlatforms) = postSolution
		{313A3D37-5358-4378-999A-9EB81F1D45E4}.Debug|Any CPU.ActiveCfg = Debug|Any CPU
		{313A3D37-5358-4378-999A-9EB81F1D45E4}.Debug|Any CPU.Build.0 = Debug|Any CPU
		{313A3D37-5358-4378-999A-9EB81F1D45E4}.Release|Any CPU.ActiveCfg = Release|Any CPU
		{313A3D37-5358-4378-999A-9EB81F1D45E4}.Release|Any CPU.Build.0 = Release|Any CPU
		{08AA1010-6614-4E2C-8471-3BAD5C22DFC8}.Debug|Any CPU.ActiveCfg = Debug|Any CPU
		{08AA1010-6614-4E2C-8471-3BAD5C22DFC8}.Debug|Any CPU.Build.0 = Debug|Any CPU
		{08AA1010-6614-4E2C-8471-3BAD5C22DFC8}.Release|Any CPU.ActiveCfg = Release|Any CPU
		{08AA1010-6614-4E2C-8471-3BAD5C22DFC8}.Release|Any CPU.Build.0 = Release|Any CPU
	EndGlobalSection
	GlobalSection(SolutionProperties) = preSolution
		HideSolutionNode = FALSE
	EndGlobalSection
	GlobalSection(ExtensibilityGlobals) = postSolution
		SolutionGuid = {1F5D1B0D-94C8-4F03-BD71-F37A8B4F0CE2}
	EndGlobalSection
EndGlobal
