
Microsoft Visual Studio Solution File, Format Version 12.00
# Visual Studio 15
VisualStudioVersion = 15.0.27130.2026
MinimumVisualStudioVersion = 10.0.40219.1
Project("{FAE04EC0-301F-11D3-BF4B-00C04F79EFBC}") = "HospitalRefactored", "HospitalRefactored\HospitalRefactored.csproj", "{42D26B11-FB99-4E4F-8FAA-74AD33A8199A}"
EndProject
Global
	GlobalSection(SolutionConfigurationPlatforms) = preSolution
		Debug|Any CPU = Debug|Any CPU
		Release|Any CPU = Release|Any CPU
	EndGlobalSection
	GlobalSection(ProjectConfigurationPlatforms) = postSolution
		{42D26B11-FB99-4E4F-8FAA-74AD33A8199A}.Debug|Any CPU.ActiveCfg = Debug|Any CPU
		{42D26B11-FB99-4E4F-8FAA-74AD33A8199A}.Debug|Any CPU.Build.0 = Debug|Any CPU
		{42D26B11-FB99-4E4F-8FAA-74AD33A8199A}.Release|Any CPU.ActiveCfg = Release|Any CPU
		{42D26B11-FB99-4E4F-8FAA-74AD33A8199A}.Release|Any CPU.Build.0 = Release|Any CPU
	EndGlobalSection
	GlobalSection(SolutionProperties) = preSolution
		HideSolutionNode = FALSE
	EndGlobalSection
	GlobalSection(ExtensibilityGlobals) = postSolution
		SolutionGuid = {27777361-A551-4AED-8B99-2C020A3D0A82}
	EndGlobalSection
EndGlobal
