
Microsoft Visual Studio Solution File, Format Version 12.00
# Visual Studio 15
VisualStudioVersion = 15.0.27428.2015
MinimumVisualStudioVersion = 10.0.40219.1
Project("{FAE04EC0-301F-11D3-BF4B-00C04F79EFBC}") = "TrafficLights", "TrafficLights\TrafficLights.csproj", "{FEB5570E-DE5F-41B5-8D07-E9732643EA57}"
EndProject
Global
	GlobalSection(SolutionConfigurationPlatforms) = preSolution
		Debug|Any CPU = Debug|Any CPU
		Release|Any CPU = Release|Any CPU
	EndGlobalSection
	GlobalSection(ProjectConfigurationPlatforms) = postSolution
		{FEB5570E-DE5F-41B5-8D07-E9732643EA57}.Debug|Any CPU.ActiveCfg = Debug|Any CPU
		{FEB5570E-DE5F-41B5-8D07-E9732643EA57}.Debug|Any CPU.Build.0 = Debug|Any CPU
		{FEB5570E-DE5F-41B5-8D07-E9732643EA57}.Release|Any CPU.ActiveCfg = Release|Any CPU
		{FEB5570E-DE5F-41B5-8D07-E9732643EA57}.Release|Any CPU.Build.0 = Release|Any CPU
	EndGlobalSection
	GlobalSection(SolutionProperties) = preSolution
		HideSolutionNode = FALSE
	EndGlobalSection
	GlobalSection(ExtensibilityGlobals) = postSolution
		SolutionGuid = {CB7F1D77-B84D-4964-845C-BF658D2DA4D5}
	EndGlobalSection
EndGlobal
