
Microsoft Visual Studio Solution File, Format Version 12.00
# Visual Studio 15
VisualStudioVersion = 15.0.27130.2026
MinimumVisualStudioVersion = 10.0.40219.1
Project("{FAE04EC0-301F-11D3-BF4B-00C04F79EFBC}") = "PredicateParty", "PredicateParty\PredicateParty.csproj", "{9FC3AFE8-FD19-4F39-A06C-F47762FCC868}"
EndProject
Global
	GlobalSection(SolutionConfigurationPlatforms) = preSolution
		Debug|Any CPU = Debug|Any CPU
		Release|Any CPU = Release|Any CPU
	EndGlobalSection
	GlobalSection(ProjectConfigurationPlatforms) = postSolution
		{9FC3AFE8-FD19-4F39-A06C-F47762FCC868}.Debug|Any CPU.ActiveCfg = Debug|Any CPU
		{9FC3AFE8-FD19-4F39-A06C-F47762FCC868}.Debug|Any CPU.Build.0 = Debug|Any CPU
		{9FC3AFE8-FD19-4F39-A06C-F47762FCC868}.Release|Any CPU.ActiveCfg = Release|Any CPU
		{9FC3AFE8-FD19-4F39-A06C-F47762FCC868}.Release|Any CPU.Build.0 = Release|Any CPU
	EndGlobalSection
	GlobalSection(SolutionProperties) = preSolution
		HideSolutionNode = FALSE
	EndGlobalSection
	GlobalSection(ExtensibilityGlobals) = postSolution
		SolutionGuid = {FF3AE3C0-26AE-45FF-AE6B-BD96E86B66FC}
	EndGlobalSection
EndGlobal
