
Microsoft Visual Studio Solution File, Format Version 12.00
# Visual Studio 15
VisualStudioVersion = 15.0.27130.2026
MinimumVisualStudioVersion = 10.0.40219.1
Project("{FAE04EC0-301F-11D3-BF4B-00C04F79EFBC}") = "CompanyRoster", "CompanyRoster\CompanyRoster.csproj", "{050D97D0-124F-40CA-AA60-0505499BEAB5}"
EndProject
Global
	GlobalSection(SolutionConfigurationPlatforms) = preSolution
		Debug|Any CPU = Debug|Any CPU
		Release|Any CPU = Release|Any CPU
	EndGlobalSection
	GlobalSection(ProjectConfigurationPlatforms) = postSolution
		{050D97D0-124F-40CA-AA60-0505499BEAB5}.Debug|Any CPU.ActiveCfg = Debug|Any CPU
		{050D97D0-124F-40CA-AA60-0505499BEAB5}.Debug|Any CPU.Build.0 = Debug|Any CPU
		{050D97D0-124F-40CA-AA60-0505499BEAB5}.Release|Any CPU.ActiveCfg = Release|Any CPU
		{050D97D0-124F-40CA-AA60-0505499BEAB5}.Release|Any CPU.Build.0 = Release|Any CPU
	EndGlobalSection
	GlobalSection(SolutionProperties) = preSolution
		HideSolutionNode = FALSE
	EndGlobalSection
	GlobalSection(ExtensibilityGlobals) = postSolution
		SolutionGuid = {10897B12-53A3-4666-A060-75D59EC54A2F}
	EndGlobalSection
EndGlobal
