
Microsoft Visual Studio Solution File, Format Version 12.00
# Visual Studio 15
VisualStudioVersion = 15.0.27130.2026
MinimumVisualStudioVersion = 10.0.40219.1
Project("{FAE04EC0-301F-11D3-BF4B-00C04F79EFBC}") = "CustomMinFunction", "CustomMinFunction\CustomMinFunction.csproj", "{DB55B965-29AF-471D-B85A-FC3AEC20F6BD}"
EndProject
Global
	GlobalSection(SolutionConfigurationPlatforms) = preSolution
		Debug|Any CPU = Debug|Any CPU
		Release|Any CPU = Release|Any CPU
	EndGlobalSection
	GlobalSection(ProjectConfigurationPlatforms) = postSolution
		{DB55B965-29AF-471D-B85A-FC3AEC20F6BD}.Debug|Any CPU.ActiveCfg = Debug|Any CPU
		{DB55B965-29AF-471D-B85A-FC3AEC20F6BD}.Debug|Any CPU.Build.0 = Debug|Any CPU
		{DB55B965-29AF-471D-B85A-FC3AEC20F6BD}.Release|Any CPU.ActiveCfg = Release|Any CPU
		{DB55B965-29AF-471D-B85A-FC3AEC20F6BD}.Release|Any CPU.Build.0 = Release|Any CPU
	EndGlobalSection
	GlobalSection(SolutionProperties) = preSolution
		HideSolutionNode = FALSE
	EndGlobalSection
	GlobalSection(ExtensibilityGlobals) = postSolution
		SolutionGuid = {05787E8A-6C7E-4ADC-9270-CECFA4510706}
	EndGlobalSection
EndGlobal
