
Microsoft Visual Studio Solution File, Format Version 12.00
# Visual Studio 15
VisualStudioVersion = 15.0.27130.2026
MinimumVisualStudioVersion = 10.0.40219.1
Project("{FAE04EC0-301F-11D3-BF4B-00C04F79EFBC}") = "PredicateForNames", "PredicateForNames\PredicateForNames.csproj", "{D237261B-6888-407B-A4CA-65A8FE0AD685}"
EndProject
Global
	GlobalSection(SolutionConfigurationPlatforms) = preSolution
		Debug|Any CPU = Debug|Any CPU
		Release|Any CPU = Release|Any CPU
	EndGlobalSection
	GlobalSection(ProjectConfigurationPlatforms) = postSolution
		{D237261B-6888-407B-A4CA-65A8FE0AD685}.Debug|Any CPU.ActiveCfg = Debug|Any CPU
		{D237261B-6888-407B-A4CA-65A8FE0AD685}.Debug|Any CPU.Build.0 = Debug|Any CPU
		{D237261B-6888-407B-A4CA-65A8FE0AD685}.Release|Any CPU.ActiveCfg = Release|Any CPU
		{D237261B-6888-407B-A4CA-65A8FE0AD685}.Release|Any CPU.Build.0 = Release|Any CPU
	EndGlobalSection
	GlobalSection(SolutionProperties) = preSolution
		HideSolutionNode = FALSE
	EndGlobalSection
	GlobalSection(ExtensibilityGlobals) = postSolution
		SolutionGuid = {DA551ACF-6AC5-4E65-85D3-03E532D82302}
	EndGlobalSection
EndGlobal
