
Microsoft Visual Studio Solution File, Format Version 12.00
# Visual Studio 15
VisualStudioVersion = 15.0.27130.2026
MinimumVisualStudioVersion = 10.0.40219.1
Project("{FAE04EC0-301F-11D3-BF4B-00C04F79EFBC}") = "WildFarm", "WildFarm\WildFarm.csproj", "{1A6A655E-1023-4CE6-9940-8F4C6B0638D7}"
EndProject
Global
	GlobalSection(SolutionConfigurationPlatforms) = preSolution
		Debug|Any CPU = Debug|Any CPU
		Release|Any CPU = Release|Any CPU
	EndGlobalSection
	GlobalSection(ProjectConfigurationPlatforms) = postSolution
		{1A6A655E-1023-4CE6-9940-8F4C6B0638D7}.Debug|Any CPU.ActiveCfg = Debug|Any CPU
		{1A6A655E-1023-4CE6-9940-8F4C6B0638D7}.Debug|Any CPU.Build.0 = Debug|Any CPU
		{1A6A655E-1023-4CE6-9940-8F4C6B0638D7}.Release|Any CPU.ActiveCfg = Release|Any CPU
		{1A6A655E-1023-4CE6-9940-8F4C6B0638D7}.Release|Any CPU.Build.0 = Release|Any CPU
	EndGlobalSection
	GlobalSection(SolutionProperties) = preSolution
		HideSolutionNode = FALSE
	EndGlobalSection
	GlobalSection(ExtensibilityGlobals) = postSolution
		SolutionGuid = {06F4F31B-4DF3-4BF5-95CD-9E431D392D93}
	EndGlobalSection
EndGlobal
