
Microsoft Visual Studio Solution File, Format Version 12.00
# Visual Studio 15
VisualStudioVersion = 15.0.27130.2026
MinimumVisualStudioVersion = 10.0.40219.1
Project("{FAE04EC0-301F-11D3-BF4B-00C04F79EFBC}") = "InfernoIII", "InfernoIII\InfernoIII.csproj", "{9FDA39DE-4DD9-4D17-8BF7-8F619BD4C19E}"
EndProject
Global
	GlobalSection(SolutionConfigurationPlatforms) = preSolution
		Debug|Any CPU = Debug|Any CPU
		Release|Any CPU = Release|Any CPU
	EndGlobalSection
	GlobalSection(ProjectConfigurationPlatforms) = postSolution
		{9FDA39DE-4DD9-4D17-8BF7-8F619BD4C19E}.Debug|Any CPU.ActiveCfg = Debug|Any CPU
		{9FDA39DE-4DD9-4D17-8BF7-8F619BD4C19E}.Debug|Any CPU.Build.0 = Debug|Any CPU
		{9FDA39DE-4DD9-4D17-8BF7-8F619BD4C19E}.Release|Any CPU.ActiveCfg = Release|Any CPU
		{9FDA39DE-4DD9-4D17-8BF7-8F619BD4C19E}.Release|Any CPU.Build.0 = Release|Any CPU
	EndGlobalSection
	GlobalSection(SolutionProperties) = preSolution
		HideSolutionNode = FALSE
	EndGlobalSection
	GlobalSection(ExtensibilityGlobals) = postSolution
		SolutionGuid = {00CD8A3B-E2AE-4725-B59E-0E3D2D44A92E}
	EndGlobalSection
EndGlobal
