
Microsoft Visual Studio Solution File, Format Version 12.00
# Visual Studio 15
VisualStudioVersion = 15.0.27428.2015
MinimumVisualStudioVersion = 10.0.40219.1
Project("{FAE04EC0-301F-11D3-BF4B-00C04F79EFBC}") = "EventImplementation", "EventImplementation\EventImplementation.csproj", "{EDAADB69-8BB5-4396-8B21-EF3AA5175F48}"
EndProject
Global
	GlobalSection(SolutionConfigurationPlatforms) = preSolution
		Debug|Any CPU = Debug|Any CPU
		Release|Any CPU = Release|Any CPU
	EndGlobalSection
	GlobalSection(ProjectConfigurationPlatforms) = postSolution
		{EDAADB69-8BB5-4396-8B21-EF3AA5175F48}.Debug|Any CPU.ActiveCfg = Debug|Any CPU
		{EDAADB69-8BB5-4396-8B21-EF3AA5175F48}.Debug|Any CPU.Build.0 = Debug|Any CPU
		{EDAADB69-8BB5-4396-8B21-EF3AA5175F48}.Release|Any CPU.ActiveCfg = Release|Any CPU
		{EDAADB69-8BB5-4396-8B21-EF3AA5175F48}.Release|Any CPU.Build.0 = Release|Any CPU
	EndGlobalSection
	GlobalSection(SolutionProperties) = preSolution
		HideSolutionNode = FALSE
	EndGlobalSection
	GlobalSection(ExtensibilityGlobals) = postSolution
		SolutionGuid = {932B8DFD-E791-41C7-A2AA-87D7DEF98574}
	EndGlobalSection
EndGlobal
