
Microsoft Visual Studio Solution File, Format Version 12.00
# Visual Studio 15
VisualStudioVersion = 15.0.26730.16
MinimumVisualStudioVersion = 10.0.40219.1
Project("{FAE04EC0-301F-11D3-BF4B-00C04F79EFBC}") = "RecursiveFibonacci", "RecursiveFibonacci\RecursiveFibonacci.csproj", "{56664A6A-3AA9-4605-B35B-207FB2E3B282}"
EndProject
Global
	GlobalSection(SolutionConfigurationPlatforms) = preSolution
		Debug|Any CPU = Debug|Any CPU
		Release|Any CPU = Release|Any CPU
	EndGlobalSection
	GlobalSection(ProjectConfigurationPlatforms) = postSolution
		{56664A6A-3AA9-4605-B35B-207FB2E3B282}.Debug|Any CPU.ActiveCfg = Debug|Any CPU
		{56664A6A-3AA9-4605-B35B-207FB2E3B282}.Debug|Any CPU.Build.0 = Debug|Any CPU
		{56664A6A-3AA9-4605-B35B-207FB2E3B282}.Release|Any CPU.ActiveCfg = Release|Any CPU
		{56664A6A-3AA9-4605-B35B-207FB2E3B282}.Release|Any CPU.Build.0 = Release|Any CPU
	EndGlobalSection
	GlobalSection(SolutionProperties) = preSolution
		HideSolutionNode = FALSE
	EndGlobalSection
	GlobalSection(ExtensibilityGlobals) = postSolution
		SolutionGuid = {4D53A8DD-5F1A-4C11-92DD-449C417D5D10}
	EndGlobalSection
EndGlobal
